
Microsoft Visual Studio Solution File, Format Version 12.00
# Visual Studio Version 17
VisualStudioVersion = 17.2.32630.192
MinimumVisualStudioVersion = 10.0.40219.1
Project("{9A19103F-16F7-4668-BE54-9A1E7A4F7556}") = "R5T.T0178.Construction", "R5T.T0178.Construction\R5T.T0178.Construction.csproj", "{06BFAA00-B657-4B5F-8A05-28B295BD2633}"
EndProject
Project("{9A19103F-16F7-4668-BE54-9A1E7A4F7556}") = "R5T.T0178", "R5T.T0178\R5T.T0178.csproj", "{954EEB48-08AD-41AB-BC3B-E02FDC9F6193}"
EndProject
Global
	GlobalSection(SolutionConfigurationPlatforms) = preSolution
		Debug|Any CPU = Debug|Any CPU
		Release|Any CPU = Release|Any CPU
	EndGlobalSection
	GlobalSection(ProjectConfigurationPlatforms) = postSolution
		{06BFAA00-B657-4B5F-8A05-28B295BD2633}.Debug|Any CPU.ActiveCfg = Debug|Any CPU
		{06BFAA00-B657-4B5F-8A05-28B295BD2633}.Debug|Any CPU.Build.0 = Debug|Any CPU
		{06BFAA00-B657-4B5F-8A05-28B295BD2633}.Release|Any CPU.ActiveCfg = Release|Any CPU
		{06BFAA00-B657-4B5F-8A05-28B295BD2633}.Release|Any CPU.Build.0 = Release|Any CPU
		{954EEB48-08AD-41AB-BC3B-E02FDC9F6193}.Debug|Any CPU.ActiveCfg = Debug|Any CPU
		{954EEB48-08AD-41AB-BC3B-E02FDC9F6193}.Debug|Any CPU.Build.0 = Debug|Any CPU
		{954EEB48-08AD-41AB-BC3B-E02FDC9F6193}.Release|Any CPU.ActiveCfg = Release|Any CPU
		{954EEB48-08AD-41AB-BC3B-E02FDC9F6193}.Release|Any CPU.Build.0 = Release|Any CPU
	EndGlobalSection
	GlobalSection(SolutionProperties) = preSolution
		HideSolutionNode = FALSE
	EndGlobalSection
	GlobalSection(ExtensibilityGlobals) = postSolution
		SolutionGuid = {C0D67816-A649-4C5F-BEF3-D95C17D76EB4}
	EndGlobalSection
EndGlobal
